
Microsoft Visual Studio Solution File, Format Version 12.00
# Visual Studio Version 17
VisualStudioVersion = 17.6.33829.357
MinimumVisualStudioVersion = 10.0.40219.1
Project("{9A19103F-16F7-4668-BE54-9A1E7A4F7556}") = "StoreApp", "StoreApp\StoreApp.csproj", "{5F5F010F-9A9C-41FB-82C4-1F984D51C224}"
EndProject
Project("{9A19103F-16F7-4668-BE54-9A1E7A4F7556}") = "Entities", "Entities\Entities.csproj", "{7060B9A9-7B9E-4EC9-B37F-EE907DB75685}"
EndProject
Project("{9A19103F-16F7-4668-BE54-9A1E7A4F7556}") = "Repositories", "Repositories\Repositories.csproj", "{08A7C872-E2C1-4E25-B9AC-36B265A9D796}"
EndProject
Project("{9A19103F-16F7-4668-BE54-9A1E7A4F7556}") = "Services", "Services\Services.csproj", "{4FB8F7C8-D6A6-4BB7-A0E8-0BBF2174B613}"
EndProject
Project("{FAE04EC0-301F-11D3-BF4B-00C04F79EFBC}") = "Presentation", "Presentation\Presentation.csproj", "{2ED23490-5A66-4964-934A-1859291035F6}"
EndProject
Global
	GlobalSection(SolutionConfigurationPlatforms) = preSolution
		Debug|Any CPU = Debug|Any CPU
		Release|Any CPU = Release|Any CPU
	EndGlobalSection
	GlobalSection(ProjectConfigurationPlatforms) = postSolution
		{5F5F010F-9A9C-41FB-82C4-1F984D51C224}.Debug|Any CPU.ActiveCfg = Debug|Any CPU
		{5F5F010F-9A9C-41FB-82C4-1F984D51C224}.Debug|Any CPU.Build.0 = Debug|Any CPU
		{5F5F010F-9A9C-41FB-82C4-1F984D51C224}.Release|Any CPU.ActiveCfg = Release|Any CPU
		{5F5F010F-9A9C-41FB-82C4-1F984D51C224}.Release|Any CPU.Build.0 = Release|Any CPU
		{7060B9A9-7B9E-4EC9-B37F-EE907DB75685}.Debug|Any CPU.ActiveCfg = Debug|Any CPU
		{7060B9A9-7B9E-4EC9-B37F-EE907DB75685}.Debug|Any CPU.Build.0 = Debug|Any CPU
		{7060B9A9-7B9E-4EC9-B37F-EE907DB75685}.Release|Any CPU.ActiveCfg = Release|Any CPU
		{7060B9A9-7B9E-4EC9-B37F-EE907DB75685}.Release|Any CPU.Build.0 = Release|Any CPU
		{08A7C872-E2C1-4E25-B9AC-36B265A9D796}.Debug|Any CPU.ActiveCfg = Debug|Any CPU
		{08A7C872-E2C1-4E25-B9AC-36B265A9D796}.Debug|Any CPU.Build.0 = Debug|Any CPU
		{08A7C872-E2C1-4E25-B9AC-36B265A9D796}.Release|Any CPU.ActiveCfg = Release|Any CPU
		{08A7C872-E2C1-4E25-B9AC-36B265A9D796}.Release|Any CPU.Build.0 = Release|Any CPU
		{4FB8F7C8-D6A6-4BB7-A0E8-0BBF2174B613}.Debug|Any CPU.ActiveCfg = Debug|Any CPU
		{4FB8F7C8-D6A6-4BB7-A0E8-0BBF2174B613}.Debug|Any CPU.Build.0 = Debug|Any CPU
		{4FB8F7C8-D6A6-4BB7-A0E8-0BBF2174B613}.Release|Any CPU.ActiveCfg = Release|Any CPU
		{4FB8F7C8-D6A6-4BB7-A0E8-0BBF2174B613}.Release|Any CPU.Build.0 = Release|Any CPU
		{2ED23490-5A66-4964-934A-1859291035F6}.Debug|Any CPU.ActiveCfg = Debug|Any CPU
		{2ED23490-5A66-4964-934A-1859291035F6}.Debug|Any CPU.Build.0 = Debug|Any CPU
		{2ED23490-5A66-4964-934A-1859291035F6}.Release|Any CPU.ActiveCfg = Release|Any CPU
		{2ED23490-5A66-4964-934A-1859291035F6}.Release|Any CPU.Build.0 = Release|Any CPU
	EndGlobalSection
	GlobalSection(SolutionProperties) = preSolution
		HideSolutionNode = FALSE
	EndGlobalSection
	GlobalSection(ExtensibilityGlobals) = postSolution
		SolutionGuid = {BB3D9504-DCD5-4EB8-B6D6-E55CF39B5475}
	EndGlobalSection
EndGlobal
